Microsoft Visual Studio Solution File, Format Version 12.00
# Visual Studio Version 17
VisualStudioVersion = 17.5.2.0
MinimumVisualStudioVersion = 10.0.40219.1
Project("{FAE04EC0-301F-11D3-BF4B-00C04F79EFBC}") = "StarkAPI", "StarkAPI.csproj", "{21C610C5-CC06-A892-7693-01C40B7F9CEC}"
EndProject
Global
	GlobalSection(SolutionConfigurationPlatforms) = preSolution
		Debug|Any CPU = Debug|Any CPU
		Release|Any CPU = Release|Any CPU
	EndGlobalSection
	GlobalSection(ProjectConfigurationPlatforms) = postSolution
		{21C610C5-CC06-A892-7693-01C40B7F9CEC}.Debug|Any CPU.ActiveCfg = Debug|Any CPU
		{21C610C5-CC06-A892-7693-01C40B7F9CEC}.Debug|Any CPU.Build.0 = Debug|Any CPU
		{21C610C5-CC06-A892-7693-01C40B7F9CEC}.Release|Any CPU.ActiveCfg = Release|Any CPU
		{21C610C5-CC06-A892-7693-01C40B7F9CEC}.Release|Any CPU.Build.0 = Release|Any CPU
	EndGlobalSection
	GlobalSection(SolutionProperties) = preSolution
		HideSolutionNode = FALSE
	EndGlobalSection
	GlobalSection(ExtensibilityGlobals) = postSolution
		SolutionGuid = {83F88AFF-4C81-48D8-81CB-E3FE41EA74DB}
	EndGlobalSection
EndGlobal
